lockfileVersion: 5.4

specifiers:
  '@types/lodash': ^4.14.184
  '@types/node': ^18.7.13
  iconv-lite: ^0.6.3
  lodash: ^4.17.21
  omp-wrapper: latest
  typescript: ^4.7.4

dependencies:
  iconv-lite: 0.6.3
  lodash: 4.17.21

devDependencies:
  '@types/lodash': 4.14.184
  '@types/node': 18.7.13
  omp-wrapper: 0.0.7
  typescript: 4.7.4

packages:

  /@types/lodash/4.14.184:
    resolution: {integrity: sha512-RoZphVtHbxPZizt4IcILciSWiC6dcn+eZ8oX9IWEYfDMcocdd42f7NPI6fQj+6zI8y4E0L7gu2pcZKLGTRaV9Q==}
    dev: true

  /@types/node/18.7.13:
    resolution: {integrity: sha512-46yIhxSe5xEaJZXWdIBP7GU4HDTG8/eo0qd9atdiL+lFpA03y8KS+lkTN834TWJj5767GbWv4n/P6efyTFt1Dw==}
    dev: true

  /iconv-lite/0.6.3:
    resolution: {integrity: sha512-4fCk79wshMdzMp2rH06qWrJE4iolqLhCUH+OiuIgU++RB0+94NlDL81atO7GX55uUKueo0txHNtvEyI6D7WdMw==}
    engines: {node: '>=0.10.0'}
    dependencies:
      safer-buffer: 2.1.2
    dev: false

  /lodash/4.17.21:
    resolution: {integrity: sha512-v2kDEe57lecTulaDIuNTPy3Ry4gLGJ6Z1O3vE1krgXZNrsQ+LFTGHVxVjcXPs17LhbZVGedAJv8XZ1tvj5FvSg==}
    dev: false

  /omp-wrapper/0.0.7:
    resolution: {integrity: sha512-pnocKWtNdeSZ+wYRDTgEV7P/W7fmlUe6k/OYGXywlzw8Ew5GJ84qmuLeaA8rOtCK+GUYeCXd692nsIzUA5PgZw==}
    dev: true

  /safer-buffer/2.1.2:
    resolution: {integrity: sha512-YZo3K82SD7Riyi0E1EQPojLz7kpepnSQI9IyPbHHg1XXXevb5dJI7tpyN2ADxGcQbHG7vcyRHk0cbwqcQriUtg==}
    dev: false

  /typescript/4.7.4:
    resolution: {integrity: sha512-C0WQT0gezHuw6AdY1M2jxUO83Rjf0HP7Sk1DtXj6j1EwkQNZrHAg2XPWlq62oqEhYvONq5pkC2Y9oPljWToLmQ==}
    engines: {node: '>=4.2.0'}
    hasBin: true
    dev: true
